
Microsoft Visual Studio Solution File, Format Version 12.00
# Visual Studio Version 17
VisualStudioVersion = 17.5.33414.496
MinimumVisualStudioVersion = 10.0.40219.1
Project("{9A19103F-16F7-4668-BE54-9A1E7A4F7556}") = "Test2FAApplication", "Test2FAApplication\Test2FAApplication.csproj", "{B326E5DF-72C9-4AE8-B50C-1FAB7029AFA7}"
EndProject
Project("{FAE04EC0-301F-11D3-BF4B-00C04F79EFBC}") = "Test2FAApplicationWebaPI", "Test2FAApplicationWebaPI\Test2FAApplicationWebaPI.csproj", "{EB663EAD-29E5-42FE-A6D9-CA9DB68768E4}"
EndProject
Global
	GlobalSection(SolutionConfigurationPlatforms) = preSolution
		Debug|Any CPU = Debug|Any CPU
		Release|Any CPU = Release|Any CPU
	EndGlobalSection
	GlobalSection(ProjectConfigurationPlatforms) = postSolution
		{B326E5DF-72C9-4AE8-B50C-1FAB7029AFA7}.Debug|Any CPU.ActiveCfg = Debug|Any CPU
		{B326E5DF-72C9-4AE8-B50C-1FAB7029AFA7}.Debug|Any CPU.Build.0 = Debug|Any CPU
		{B326E5DF-72C9-4AE8-B50C-1FAB7029AFA7}.Release|Any CPU.ActiveCfg = Release|Any CPU
		{B326E5DF-72C9-4AE8-B50C-1FAB7029AFA7}.Release|Any CPU.Build.0 = Release|Any CPU
		{EB663EAD-29E5-42FE-A6D9-CA9DB68768E4}.Debug|Any CPU.ActiveCfg = Debug|Any CPU
		{EB663EAD-29E5-42FE-A6D9-CA9DB68768E4}.Debug|Any CPU.Build.0 = Debug|Any CPU
		{EB663EAD-29E5-42FE-A6D9-CA9DB68768E4}.Release|Any CPU.ActiveCfg = Release|Any CPU
		{EB663EAD-29E5-42FE-A6D9-CA9DB68768E4}.Release|Any CPU.Build.0 = Release|Any CPU
	EndGlobalSection
	GlobalSection(SolutionProperties) = preSolution
		HideSolutionNode = FALSE
	EndGlobalSection
	GlobalSection(ExtensibilityGlobals) = postSolution
		SolutionGuid = {D3374796-9361-440A-84E8-9D96AA0720BE}
	EndGlobalSection
EndGlobal
